
Microsoft Visual Studio Solution File, Format Version 12.00
# Visual Studio Version 17
VisualStudioVersion = 17.1.32421.90
MinimumVisualStudioVersion = 10.0.40219.1
Project("{8BC9CEB8-8B4A-11D0-8D11-00A0C91BC942}") = "vector", "vector\vector.vcxproj", "{A902CF04-095D-452F-84EA-E2335D05F529}"
EndProject
Project("{8BC9CEB8-8B4A-11D0-8D11-00A0C91BC942}") = "singly linked list", "singly linked list\singly linked list.vcxproj", "{FF562421-AFD7-4DDF-9D47-FD5683DE6B4A}"
EndProject
Project("{8BC9CEB8-8B4A-11D0-8D11-00A0C91BC942}") = "doubly linked list", "doubly linked list\doubly linked list.vcxproj", "{7A016D80-93FD-4738-94A2-F6D863E92B01}"
EndProject
Project("{8BC9CEB8-8B4A-11D0-8D11-00A0C91BC942}") = "stack (array based)", "stack (array based)\stack (array based).vcxproj", "{CE836A63-E64D-48DF-A6FA-F35F97644886}"
EndProject
Project("{8BC9CEB8-8B4A-11D0-8D11-00A0C91BC942}") = "stack (linkedlist based)", "stack (linkedlist based)\stack (linkedlist based).vcxproj", "{3EA869F6-5446-44B8-B028-A7E63C493171}"
EndProject
Project("{8BC9CEB8-8B4A-11D0-8D11-00A0C91BC942}") = "queue", "queue\queue.vcxproj", "{E97D0B21-AD7E-4F32-90ED-008767981879}"
EndProject
Project("{8BC9CEB8-8B4A-11D0-8D11-00A0C91BC942}") = "binary tree", "binary tree\binary tree.vcxproj", "{4E77597A-20D9-4D76-BA23-2CADA95D3466}"
EndProject
Project("{8BC9CEB8-8B4A-11D0-8D11-00A0C91BC942}") = "binary search tree", "binary search tree\binary search tree.vcxproj", "{627BB7DC-DBDD-4389-822E-663DB62A2484}"
EndProject
Project("{8BC9CEB8-8B4A-11D0-8D11-00A0C91BC942}") = "heap", "heap\heap.vcxproj", "{E4C3A9AB-2FB8-4265-9871-07D662637FC7}"
EndProject
Global
	GlobalSection(SolutionConfigurationPlatforms) = preSolution
		Debug|x64 = Debug|x64
		Debug|x86 = Debug|x86
		Release|x64 = Release|x64
		Release|x86 = Release|x86
	EndGlobalSection
	GlobalSection(ProjectConfigurationPlatforms) = postSolution
		{A902CF04-095D-452F-84EA-E2335D05F529}.Debug|x64.ActiveCfg = Debug|x64
		{A902CF04-095D-452F-84EA-E2335D05F529}.Debug|x64.Build.0 = Debug|x64
		{A902CF04-095D-452F-84EA-E2335D05F529}.Debug|x86.ActiveCfg = Debug|Win32
		{A902CF04-095D-452F-84EA-E2335D05F529}.Debug|x86.Build.0 = Debug|Win32
		{A902CF04-095D-452F-84EA-E2335D05F529}.Release|x64.ActiveCfg = Release|x64
		{A902CF04-095D-452F-84EA-E2335D05F529}.Release|x64.Build.0 = Release|x64
		{A902CF04-095D-452F-84EA-E2335D05F529}.Release|x86.ActiveCfg = Release|Win32
		{A902CF04-095D-452F-84EA-E2335D05F529}.Release|x86.Build.0 = Release|Win32
		{FF562421-AFD7-4DDF-9D47-FD5683DE6B4A}.Debug|x64.ActiveCfg = Debug|x64
		{FF562421-AFD7-4DDF-9D47-FD5683DE6B4A}.Debug|x64.Build.0 = Debug|x64
		{FF562421-AFD7-4DDF-9D47-FD5683DE6B4A}.Debug|x86.ActiveCfg = Debug|Win32
		{FF562421-AFD7-4DDF-9D47-FD5683DE6B4A}.Debug|x86.Build.0 = Debug|Win32
		{FF562421-AFD7-4DDF-9D47-FD5683DE6B4A}.Release|x64.ActiveCfg = Release|x64
		{FF562421-AFD7-4DDF-9D47-FD5683DE6B4A}.Release|x64.Build.0 = Release|x64
		{FF562421-AFD7-4DDF-9D47-FD5683DE6B4A}.Release|x86.ActiveCfg = Release|Win32
		{FF562421-AFD7-4DDF-9D47-FD5683DE6B4A}.Release|x86.Build.0 = Release|Win32
		{7A016D80-93FD-4738-94A2-F6D863E92B01}.Debug|x64.ActiveCfg = Debug|x64
		{7A016D80-93FD-4738-94A2-F6D863E92B01}.Debug|x64.Build.0 = Debug|x64
		{7A016D80-93FD-4738-94A2-F6D863E92B01}.Debug|x86.ActiveCfg = Debug|Win32
		{7A016D80-93FD-4738-94A2-F6D863E92B01}.Debug|x86.Build.0 = Debug|Win32
		{7A016D80-93FD-4738-94A2-F6D863E92B01}.Release|x64.ActiveCfg = Release|x64
		{7A016D80-93FD-4738-94A2-F6D863E92B01}.Release|x64.Build.0 = Release|x64
		{7A016D80-93FD-4738-94A2-F6D863E92B01}.Release|x86.ActiveCfg = Release|Win32
		{7A016D80-93FD-4738-94A2-F6D863E92B01}.Release|x86.Build.0 = Release|Win32
		{CE836A63-E64D-48DF-A6FA-F35F97644886}.Debug|x64.ActiveCfg = Debug|x64
		{CE836A63-E64D-48DF-A6FA-F35F97644886}.Debug|x64.Build.0 = Debug|x64
		{CE836A63-E64D-48DF-A6FA-F35F97644886}.Debug|x86.ActiveCfg = Debug|Win32
		{CE836A63-E64D-48DF-A6FA-F35F97644886}.Debug|x86.Build.0 = Debug|Win32
		{CE836A63-E64D-48DF-A6FA-F35F97644886}.Release|x64.ActiveCfg = Release|x64
		{CE836A63-E64D-48DF-A6FA-F35F97644886}.Release|x64.Build.0 = Release|x64
		{CE836A63-E64D-48DF-A6FA-F35F97644886}.Release|x86.ActiveCfg = Release|Win32
		{CE836A63-E64D-48DF-A6FA-F35F97644886}.Release|x86.Build.0 = Release|Win32
		{3EA869F6-5446-44B8-B028-A7E63C493171}.Debug|x64.ActiveCfg = Debug|x64
		{3EA869F6-5446-44B8-B028-A7E63C493171}.Debug|x64.Build.0 = Debug|x64
		{3EA869F6-5446-44B8-B028-A7E63C493171}.Debug|x86.ActiveCfg = Debug|Win32
		{3EA869F6-5446-44B8-B028-A7E63C493171}.Debug|x86.Build.0 = Debug|Win32
		{3EA869F6-5446-44B8-B028-A7E63C493171}.Release|x64.ActiveCfg = Release|x64
		{3EA869F6-5446-44B8-B028-A7E63C493171}.Release|x64.Build.0 = Release|x64
		{3EA869F6-5446-44B8-B028-A7E63C493171}.Release|x86.ActiveCfg = Release|Win32
		{3EA869F6-5446-44B8-B028-A7E63C493171}.Release|x86.Build.0 = Release|Win32
		{E97D0B21-AD7E-4F32-90ED-008767981879}.Debug|x64.ActiveCfg = Debug|x64
		{E97D0B21-AD7E-4F32-90ED-008767981879}.Debug|x64.Build.0 = Debug|x64
		{E97D0B21-AD7E-4F32-90ED-008767981879}.Debug|x86.ActiveCfg = Debug|Win32
		{E97D0B21-AD7E-4F32-90ED-008767981879}.Debug|x86.Build.0 = Debug|Win32
		{E97D0B21-AD7E-4F32-90ED-008767981879}.Release|x64.ActiveCfg = Release|x64
		{E97D0B21-AD7E-4F32-90ED-008767981879}.Release|x64.Build.0 = Release|x64
		{E97D0B21-AD7E-4F32-90ED-008767981879}.Release|x86.ActiveCfg = Release|Win32
		{E97D0B21-AD7E-4F32-90ED-008767981879}.Release|x86.Build.0 = Release|Win32
		{4E77597A-20D9-4D76-BA23-2CADA95D3466}.Debug|x64.ActiveCfg = Debug|x64
		{4E77597A-20D9-4D76-BA23-2CADA95D3466}.Debug|x64.Build.0 = Debug|x64
		{4E77597A-20D9-4D76-BA23-2CADA95D3466}.Debug|x86.ActiveCfg = Debug|Win32
		{4E77597A-20D9-4D76-BA23-2CADA95D3466}.Debug|x86.Build.0 = Debug|Win32
		{4E77597A-20D9-4D76-BA23-2CADA95D3466}.Release|x64.ActiveCfg = Release|x64
		{4E77597A-20D9-4D76-BA23-2CADA95D3466}.Release|x64.Build.0 = Release|x64
		{4E77597A-20D9-4D76-BA23-2CADA95D3466}.Release|x86.ActiveCfg = Release|Win32
		{4E77597A-20D9-4D76-BA23-2CADA95D3466}.Release|x86.Build.0 = Release|Win32
		{627BB7DC-DBDD-4389-822E-663DB62A2484}.Debug|x64.ActiveCfg = Debug|x64
		{627BB7DC-DBDD-4389-822E-663DB62A2484}.Debug|x64.Build.0 = Debug|x64
		{627BB7DC-DBDD-4389-822E-663DB62A2484}.Debug|x86.ActiveCfg = Debug|Win32
		{627BB7DC-DBDD-4389-822E-663DB62A2484}.Debug|x86.Build.0 = Debug|Win32
		{627BB7DC-DBDD-4389-822E-663DB62A2484}.Release|x64.ActiveCfg = Release|x64
		{627BB7DC-DBDD-4389-822E-663DB62A2484}.Release|x64.Build.0 = Release|x64
		{627BB7DC-DBDD-4389-822E-663DB62A2484}.Release|x86.ActiveCfg = Release|Win32
		{627BB7DC-DBDD-4389-822E-663DB62A2484}.Release|x86.Build.0 = Release|Win32
		{E4C3A9AB-2FB8-4265-9871-07D662637FC7}.Debug|x64.ActiveCfg = Debug|x64
		{E4C3A9AB-2FB8-4265-9871-07D662637FC7}.Debug|x64.Build.0 = Debug|x64
		{E4C3A9AB-2FB8-4265-9871-07D662637FC7}.Debug|x86.ActiveCfg = Debug|Win32
		{E4C3A9AB-2FB8-4265-9871-07D662637FC7}.Debug|x86.Build.0 = Debug|Win32
		{E4C3A9AB-2FB8-4265-9871-07D662637FC7}.Release|x64.ActiveCfg = Release|x64
		{E4C3A9AB-2FB8-4265-9871-07D662637FC7}.Release|x64.Build.0 = Release|x64
		{E4C3A9AB-2FB8-4265-9871-07D662637FC7}.Release|x86.ActiveCfg = Release|Win32
		{E4C3A9AB-2FB8-4265-9871-07D662637FC7}.Release|x86.Build.0 = Release|Win32
	EndGlobalSection
	GlobalSection(SolutionProperties) = preSolution
		HideSolutionNode = FALSE
	EndGlobalSection
	GlobalSection(ExtensibilityGlobals) = postSolution
		SolutionGuid = {6575DCCF-07DB-4AA1-B239-374995D15E16}
	EndGlobalSection
EndGlobal
